
Microsoft Visual Studio Solution File, Format Version 12.00
# Visual Studio Version 17
VisualStudioVersion = 17.5.33530.505
MinimumVisualStudioVersion = 10.0.40219.1
Project("{FAE04EC0-301F-11D3-BF4B-00C04F79EFBC}") = "Ex05", "Ex02\Ex05.csproj", "{2BE0B7C8-53C7-44EB-B4FC-1093DE442112}"
EndProject
Global
	GlobalSection(SolutionConfigurationPlatforms) = preSolution
		Debug|Any CPU = Debug|Any CPU
		Release|Any CPU = Release|Any CPU
	EndGlobalSection
	GlobalSection(ProjectConfigurationPlatforms) = postSolution
		{2BE0B7C8-53C7-44EB-B4FC-1093DE442112}.Debug|Any CPU.ActiveCfg = Debug|Any CPU
		{2BE0B7C8-53C7-44EB-B4FC-1093DE442112}.Debug|Any CPU.Build.0 = Debug|Any CPU
		{2BE0B7C8-53C7-44EB-B4FC-1093DE442112}.Release|Any CPU.ActiveCfg = Release|Any CPU
		{2BE0B7C8-53C7-44EB-B4FC-1093DE442112}.Release|Any CPU.Build.0 = Release|Any CPU
	EndGlobalSection
	GlobalSection(SolutionProperties) = preSolution
		HideSolutionNode = FALSE
	EndGlobalSection
	GlobalSection(ExtensibilityGlobals) = postSolution
		SolutionGuid = {E1A5C6C4-E01A-4569-B398-06C38071601F}
	EndGlobalSection
EndGlobal
